{
  "requires": true,
  "lockfileVersion": 1,
  "dependencies": {
    "bootpag": {
      "version": "1.0.7",
      "resolved": "https://registry.npmjs.org/bootpag/-/bootpag-1.0.7.tgz",
      "integrity": "sha1-8Ww64iRWSq7RWFOJVKarYRuMAc0=",
      "requires": {
        "jquery": ">=1.6"
      }
    },
    "jquery": {
      "version": "3.6.0",
      "resolved": "https://registry.npmjs.org/jquery/-/jquery-3.6.0.tgz",
      "integrity": "sha512-JVzAR/AjBvVt2BmYhxRCSYysDsPcssdmTFnzyLEts9qNwmjmu4JTAMYubEfwVOSwpQ1I1sKKFcxhZCI2buerfw=="
    }
  }
}
